
Microsoft Visual Studio Solution File, Format Version 12.00
# Visual Studio 2012
Project("{FAE04EC0-301F-11D3-BF4B-00C04F79EFBC}") = "Programa TM", "Programa TM\Programa TM.csproj", "{57E26389-F5D3-449C-A498-B6F767495F82}"
EndProject
Global
	GlobalSection(SolutionConfigurationPlatforms) = preSolution
		Debug|Any CPU = Debug|Any CPU
		Release|Any CPU = Release|Any CPU
	EndGlobalSection
	GlobalSection(ProjectConfigurationPlatforms) = postSolution
		{57E26389-F5D3-449C-A498-B6F767495F82}.Debug|Any CPU.ActiveCfg = Debug|Any CPU
		{57E26389-F5D3-449C-A498-B6F767495F82}.Debug|Any CPU.Build.0 = Debug|Any CPU
		{57E26389-F5D3-449C-A498-B6F767495F82}.Release|Any CPU.ActiveCfg = Release|Any CPU
		{57E26389-F5D3-449C-A498-B6F767495F82}.Release|Any CPU.Build.0 = Release|Any CPU
	EndGlobalSection
	GlobalSection(SolutionProperties) = preSolution
		HideSolutionNode = FALSE
	EndGlobalSection
EndGlobal
