
Microsoft Visual Studio Solution File, Format Version 10.00
# Visual Studio 2008
Project("{FAE04EC0-301F-11D3-BF4B-00C04F79EFBC}") = "Slides", "Slides\Slides.csproj", "{47FF4567-0298-43CB-8A31-38C93738B97A}"
EndProject
Global
	GlobalSection(SolutionConfigurationPlatforms) = preSolution
		Debug|Any CPU = Debug|Any CPU
		Release|Any CPU = Release|Any CPU
	EndGlobalSection
	GlobalSection(ProjectConfigurationPlatforms) = postSolution
		{47FF4567-0298-43CB-8A31-38C93738B97A}.Debug|Any CPU.ActiveCfg = Debug|Any CPU
		{47FF4567-0298-43CB-8A31-38C93738B97A}.Debug|Any CPU.Build.0 = Debug|Any CPU
		{47FF4567-0298-43CB-8A31-38C93738B97A}.Release|Any CPU.ActiveCfg = Release|Any CPU
		{47FF4567-0298-43CB-8A31-38C93738B97A}.Release|Any CPU.Build.0 = Release|Any CPU
	EndGlobalSection
	GlobalSection(SolutionProperties) = preSolution
		HideSolutionNode = FALSE
	EndGlobalSection
EndGlobal
