
Microsoft Visual Studio Solution File, Format Version 10.00
# Visual Studio 2008
Project("{FAE04EC0-301F-11D3-BF4B-00C04F79EFBC}") = "ARES 2.0", "ARES 2.0\ARES 2.0.csproj", "{0A38F5DC-8A95-4F56-A38E-49ED7BE1169B}"
EndProject
Global
	GlobalSection(SolutionConfigurationPlatforms) = preSolution
		Debug|Any CPU = Debug|Any CPU
		Release|Any CPU = Release|Any CPU
	EndGlobalSection
	GlobalSection(ProjectConfigurationPlatforms) = postSolution
		{0A38F5DC-8A95-4F56-A38E-49ED7BE1169B}.Debug|Any CPU.ActiveCfg = Debug|Any CPU
		{0A38F5DC-8A95-4F56-A38E-49ED7BE1169B}.Debug|Any CPU.Build.0 = Debug|Any CPU
		{0A38F5DC-8A95-4F56-A38E-49ED7BE1169B}.Release|Any CPU.ActiveCfg = Release|Any CPU
		{0A38F5DC-8A95-4F56-A38E-49ED7BE1169B}.Release|Any CPU.Build.0 = Release|Any CPU
	EndGlobalSection
	GlobalSection(SolutionProperties) = preSolution
		HideSolutionNode = FALSE
	EndGlobalSection
EndGlobal
