
Microsoft Visual Studio Solution File, Format Version 10.00
# Visual C# Express 2008
Project("{FAE04EC0-301F-11D3-BF4B-00C04F79EFBC}") = "Formata_RTS_MWS", "ConsoleApplication1\Formata_RTS_MWS.csproj", "{C3CD62A4-0D3D-4FE2-AAD7-1F39BD9EB592}"
EndProject
Global
	GlobalSection(SolutionConfigurationPlatforms) = preSolution
		Debug|Any CPU = Debug|Any CPU
		Release|Any CPU = Release|Any CPU
	EndGlobalSection
	GlobalSection(ProjectConfigurationPlatforms) = postSolution
		{C3CD62A4-0D3D-4FE2-AAD7-1F39BD9EB592}.Debug|Any CPU.ActiveCfg = Debug|Any CPU
		{C3CD62A4-0D3D-4FE2-AAD7-1F39BD9EB592}.Debug|Any CPU.Build.0 = Debug|Any CPU
		{C3CD62A4-0D3D-4FE2-AAD7-1F39BD9EB592}.Release|Any CPU.ActiveCfg = Release|Any CPU
		{C3CD62A4-0D3D-4FE2-AAD7-1F39BD9EB592}.Release|Any CPU.Build.0 = Release|Any CPU
	EndGlobalSection
	GlobalSection(SolutionProperties) = preSolution
		HideSolutionNode = FALSE
	EndGlobalSection
EndGlobal
