
Microsoft Visual Studio Solution File, Format Version 10.00
# Visual C# Express 2008
Project("{FAE04EC0-301F-11D3-BF4B-00C04F79EFBC}") = "CheckFileExists", "CheckFileExists\CheckFileExists.csproj", "{F99E355E-54B1-4553-A436-FD57ADDC22CE}"
EndProject
Global
	GlobalSection(SolutionConfigurationPlatforms) = preSolution
		Debug|Any CPU = Debug|Any CPU
		Release|Any CPU = Release|Any CPU
	EndGlobalSection
	GlobalSection(ProjectConfigurationPlatforms) = postSolution
		{F99E355E-54B1-4553-A436-FD57ADDC22CE}.Debug|Any CPU.ActiveCfg = Debug|Any CPU
		{F99E355E-54B1-4553-A436-FD57ADDC22CE}.Debug|Any CPU.Build.0 = Debug|Any CPU
		{F99E355E-54B1-4553-A436-FD57ADDC22CE}.Release|Any CPU.ActiveCfg = Release|Any CPU
		{F99E355E-54B1-4553-A436-FD57ADDC22CE}.Release|Any CPU.Build.0 = Release|Any CPU
	EndGlobalSection
	GlobalSection(SolutionProperties) = preSolution
		HideSolutionNode = FALSE
	EndGlobalSection
EndGlobal
