
Microsoft Visual Studio Solution File, Format Version 10.00
# Visual Studio 2008
Project("{FAE04EC0-301F-11D3-BF4B-00C04F79EFBC}") = "randomico", "randomico\randomico.csproj", "{F380C906-7DA7-4C57-A2F8-7BDDB5FFDD79}"
EndProject
Global
	GlobalSection(SolutionConfigurationPlatforms) = preSolution
		Debug|Any CPU = Debug|Any CPU
		Release|Any CPU = Release|Any CPU
	EndGlobalSection
	GlobalSection(ProjectConfigurationPlatforms) = postSolution
		{F380C906-7DA7-4C57-A2F8-7BDDB5FFDD79}.Debug|Any CPU.ActiveCfg = Debug|Any CPU
		{F380C906-7DA7-4C57-A2F8-7BDDB5FFDD79}.Debug|Any CPU.Build.0 = Debug|Any CPU
		{F380C906-7DA7-4C57-A2F8-7BDDB5FFDD79}.Release|Any CPU.ActiveCfg = Release|Any CPU
		{F380C906-7DA7-4C57-A2F8-7BDDB5FFDD79}.Release|Any CPU.Build.0 = Release|Any CPU
	EndGlobalSection
	GlobalSection(SolutionProperties) = preSolution
		HideSolutionNode = FALSE
	EndGlobalSection
EndGlobal
