
Microsoft Visual Studio Solution File, Format Version 10.00
# Visual Studio 2008
Project("{FAE04EC0-301F-11D3-BF4B-00C04F79EFBC}") = "CPf", "CPf\CPf.csproj", "{A403C231-1FFC-4970-9A0D-541636147F4A}"
EndProject
Global
	GlobalSection(SolutionConfigurationPlatforms) = preSolution
		Debug|Any CPU = Debug|Any CPU
		Release|Any CPU = Release|Any CPU
	EndGlobalSection
	GlobalSection(ProjectConfigurationPlatforms) = postSolution
		{A403C231-1FFC-4970-9A0D-541636147F4A}.Debug|Any CPU.ActiveCfg = Debug|Any CPU
		{A403C231-1FFC-4970-9A0D-541636147F4A}.Debug|Any CPU.Build.0 = Debug|Any CPU
		{A403C231-1FFC-4970-9A0D-541636147F4A}.Release|Any CPU.ActiveCfg = Release|Any CPU
		{A403C231-1FFC-4970-9A0D-541636147F4A}.Release|Any CPU.Build.0 = Release|Any CPU
	EndGlobalSection
	GlobalSection(SolutionProperties) = preSolution
		HideSolutionNode = FALSE
	EndGlobalSection
EndGlobal
